name: RuCatEvaluator
channels:
  - defaults
  - denoptim-project
  - conda-forge
dependencies:
  - _libgcc_mutex=0.1=conda_forge
  - _openmp_mutex=4.5=2_gnu
  - autocompchem=2.0.1=1
  - bzip2=1.0.8=h7b6447c_0
  - ca-certificates=2023.12.12=h06a4308_0
  - cairo=1.16.0=hb05425b_5
  - dbus=1.13.18=hb2f20db_0
  - denoptim=4.1.3=ha770c72_0
  - dftd4=3.5.0=h03160e7_0
  - expat=2.5.0=h6a678d5_0
  - fontconfig=2.14.1=h4c34cd2_2
  - freetype=2.12.1=h4a9f257_0
  - glib=2.69.1=he621ea3_2
  - icu=73.1=h6a678d5_0
  - ld_impl_linux-64=2.38=h1181459_1
  - libblas=3.9.0=20_linux64_openblas
  - libffi=3.4.4=h6a678d5_0
  - libgcc-ng=13.2.0=h807b86a_3
  - libgfortran-ng=13.2.0=h69a702a_3
  - libgfortran5=13.2.0=ha4646dd_3
  - libgomp=13.2.0=h807b86a_3
  - liblapack=3.9.0=20_linux64_openblas
  - libopenblas=0.3.25=pthreads_h413a1c8_0
  - libpng=1.6.39=h5eee18b_0
  - libstdcxx-ng=13.2.0=h7e041cc_3
  - libuuid=1.41.5=h5eee18b_0
  - libxcb=1.15=h7f8727e_0
  - libxml2=2.10.4=hf1b16e4_1
  - libzlib=1.2.13=hd590300_5
  - mctc-lib=0.3.1=h74f4db8_0
  - ncurses=6.4=h6a678d5_0
  - openbabel=3.1.1=py311h7c3e0e0_5
  - openjdk=11.0.13=h87a67e3_0
  - openssl=3.0.12=h7f8727e_0
  - pcre=8.45=h295c915_0
  - pip=23.3.1=py311h06a4308_0
  - pixman=0.40.0=h7f8727e_1
  - py4j=0.10.9.7=py311h06a4308_0
  - python=3.11.5=h955ad1f_0
  - python_abi=3.11=2_cp311
  - readline=8.2=h5eee18b_0
  - setuptools=68.2.2=py311h06a4308_0
  - simple-dftd3=0.7.0=heafb486_2
  - sqlite=3.41.2=h5eee18b_0
  - tblite=0.3.0=h03160e7_0
  - tk=8.6.12=h1ccaba5_0
  - toml-f=0.3.1=h74f4db8_0
  - tzdata=2023c=h04d1e81_0
  - wheel=0.41.2=py311h06a4308_0
  - xtb=6.6.1=hf49bc11_0
  - xz=5.4.5=h5eee18b_0
  - zlib=1.2.13=hd590300_5
prefix: /volume/marcof/.conda/envs/RuCatEvaluator
